
Microsoft Visual Studio Solution File, Format Version 12.00
# Visual Studio Version 17
VisualStudioVersion = 17.3.32929.385
MinimumVisualStudioVersion = 10.0.40219.1
Project("{9A19103F-16F7-4668-BE54-9A1E7A4F7556}") = "MobileWorld.Domain", "MobileWorld\MobileWorld.Domain.csproj", "{3119A326-56F3-476D-809A-2242E4632833}"
EndProject
Project("{2150E333-8FDC-42A3-9474-1A3956D46DE8}") = "Scripts", "Scripts", "{F49DB352-CDB4-4A4D-A653-E36F292B93C2}"
EndProject
Project("{2150E333-8FDC-42A3-9474-1A3956D46DE8}") = "scr", "scr", "{E978CB1E-B0C8-4ABA-BAFD-BC43EB1D5F37}"
EndProject
Project("{2150E333-8FDC-42A3-9474-1A3956D46DE8}") = "4 - Domain", "4 - Domain", "{D9C64E8E-1345-47F1-96EC-16B03A2C57F1}"
EndProject
Project("{2150E333-8FDC-42A3-9474-1A3956D46DE8}") = "0 - Building Blocks", "0 - Building Blocks", "{7EA7B513-D484-44A8-98B2-CAEF79A9FD63}"
EndProject
Project("{9A19103F-16F7-4668-BE54-9A1E7A4F7556}") = "MobileWorld.Core", "MobileWorld.Core\MobileWorld.Core.csproj", "{516603CC-B5D5-4DE4-80FB-12667F607D58}"
EndProject
Project("{2150E333-8FDC-42A3-9474-1A3956D46DE8}") = "5 - Infra", "5 - Infra", "{5285CB45-A931-4AB8-9AF0-57308A7168DF}"
EndProject
Project("{9A19103F-16F7-4668-BE54-9A1E7A4F7556}") = "MobileWorld.Infra.Data", "MobileWorld.Infra.Data\MobileWorld.Infra.Data.csproj", "{CD7F190E-4C4F-46C7-90CF-54EC900DD002}"
EndProject
Project("{9A19103F-16F7-4668-BE54-9A1E7A4F7556}") = "MobileWorld.Domain.Shared", "MobileWorld.Domain.Shared\MobileWorld.Domain.Shared.csproj", "{56BA7C42-E4AA-45FC-98D2-15CB1DB088B5}"
EndProject
Project("{9A19103F-16F7-4668-BE54-9A1E7A4F7556}") = "MobileWorld.Infra.CrossCutiing.IoC", "MobileWorld.Infra.CrossCutiing.IoC\MobileWorld.Infra.CrossCutiing.IoC.csproj", "{DDCD4D4C-4F7E-4732-8C97-AB3A6498389C}"
EndProject
Project("{2150E333-8FDC-42A3-9474-1A3956D46DE8}") = "1 - Presentation", "1 - Presentation", "{47C6CC3B-5F4F-4C00-81D0-C99CA4DDDB29}"
EndProject
Project("{2150E333-8FDC-42A3-9474-1A3956D46DE8}") = "2 - Services", "2 - Services", "{37D882F1-FC5D-40F6-A09C-53B28BA37D95}"
EndProject
Project("{2150E333-8FDC-42A3-9474-1A3956D46DE8}") = "3 - Application", "3 - Application", "{9524529E-D976-43D3-8C9F-8758C2EE9245}"
EndProject
Project("{9A19103F-16F7-4668-BE54-9A1E7A4F7556}") = "MobileWorld.Application", "MobileWorld.Application\MobileWorld.Application.csproj", "{5282053C-1DDC-4DC2-9B42-BACA5D04F5E5}"
EndProject
Project("{9A19103F-16F7-4668-BE54-9A1E7A4F7556}") = "MobileWorld.API", "MobileWorld.API\MobileWorld.API.csproj", "{05C4DFCD-C2C5-4C5F-8B68-01263297FB9D}"
EndProject
Project("{2150E333-8FDC-42A3-9474-1A3956D46DE8}") = "Migrations", "Migrations", "{4D361BDC-2286-4148-96A7-BB355AF7932C}"
EndProject
Global
	GlobalSection(SolutionConfigurationPlatforms) = preSolution
		Debug|Any CPU = Debug|Any CPU
		Release|Any CPU = Release|Any CPU
	EndGlobalSection
	GlobalSection(ProjectConfigurationPlatforms) = postSolution
		{3119A326-56F3-476D-809A-2242E4632833}.Debug|Any CPU.ActiveCfg = Debug|Any CPU
		{3119A326-56F3-476D-809A-2242E4632833}.Debug|Any CPU.Build.0 = Debug|Any CPU
		{3119A326-56F3-476D-809A-2242E4632833}.Release|Any CPU.ActiveCfg = Release|Any CPU
		{3119A326-56F3-476D-809A-2242E4632833}.Release|Any CPU.Build.0 = Release|Any CPU
		{516603CC-B5D5-4DE4-80FB-12667F607D58}.Debug|Any CPU.ActiveCfg = Debug|Any CPU
		{516603CC-B5D5-4DE4-80FB-12667F607D58}.Debug|Any CPU.Build.0 = Debug|Any CPU
		{516603CC-B5D5-4DE4-80FB-12667F607D58}.Release|Any CPU.ActiveCfg = Release|Any CPU
		{516603CC-B5D5-4DE4-80FB-12667F607D58}.Release|Any CPU.Build.0 = Release|Any CPU
		{CD7F190E-4C4F-46C7-90CF-54EC900DD002}.Debug|Any CPU.ActiveCfg = Debug|Any CPU
		{CD7F190E-4C4F-46C7-90CF-54EC900DD002}.Debug|Any CPU.Build.0 = Debug|Any CPU
		{CD7F190E-4C4F-46C7-90CF-54EC900DD002}.Release|Any CPU.ActiveCfg = Release|Any CPU
		{CD7F190E-4C4F-46C7-90CF-54EC900DD002}.Release|Any CPU.Build.0 = Release|Any CPU
		{56BA7C42-E4AA-45FC-98D2-15CB1DB088B5}.Debug|Any CPU.ActiveCfg = Debug|Any CPU
		{56BA7C42-E4AA-45FC-98D2-15CB1DB088B5}.Debug|Any CPU.Build.0 = Debug|Any CPU
		{56BA7C42-E4AA-45FC-98D2-15CB1DB088B5}.Release|Any CPU.ActiveCfg = Release|Any CPU
		{56BA7C42-E4AA-45FC-98D2-15CB1DB088B5}.Release|Any CPU.Build.0 = Release|Any CPU
		{DDCD4D4C-4F7E-4732-8C97-AB3A6498389C}.Debug|Any CPU.ActiveCfg = Debug|Any CPU
		{DDCD4D4C-4F7E-4732-8C97-AB3A6498389C}.Debug|Any CPU.Build.0 = Debug|Any CPU
		{DDCD4D4C-4F7E-4732-8C97-AB3A6498389C}.Release|Any CPU.ActiveCfg = Release|Any CPU
		{DDCD4D4C-4F7E-4732-8C97-AB3A6498389C}.Release|Any CPU.Build.0 = Release|Any CPU
		{5282053C-1DDC-4DC2-9B42-BACA5D04F5E5}.Debug|Any CPU.ActiveCfg = Debug|Any CPU
		{5282053C-1DDC-4DC2-9B42-BACA5D04F5E5}.Debug|Any CPU.Build.0 = Debug|Any CPU
		{5282053C-1DDC-4DC2-9B42-BACA5D04F5E5}.Release|Any CPU.ActiveCfg = Release|Any CPU
		{5282053C-1DDC-4DC2-9B42-BACA5D04F5E5}.Release|Any CPU.Build.0 = Release|Any CPU
		{05C4DFCD-C2C5-4C5F-8B68-01263297FB9D}.Debug|Any CPU.ActiveCfg = Debug|Any CPU
		{05C4DFCD-C2C5-4C5F-8B68-01263297FB9D}.Debug|Any CPU.Build.0 = Debug|Any CPU
		{05C4DFCD-C2C5-4C5F-8B68-01263297FB9D}.Release|Any CPU.ActiveCfg = Release|Any CPU
		{05C4DFCD-C2C5-4C5F-8B68-01263297FB9D}.Release|Any CPU.Build.0 = Release|Any CPU
	EndGlobalSection
	GlobalSection(SolutionProperties) = preSolution
		HideSolutionNode = FALSE
	EndGlobalSection
	GlobalSection(NestedProjects) = preSolution
		{3119A326-56F3-476D-809A-2242E4632833} = {D9C64E8E-1345-47F1-96EC-16B03A2C57F1}
		{D9C64E8E-1345-47F1-96EC-16B03A2C57F1} = {E978CB1E-B0C8-4ABA-BAFD-BC43EB1D5F37}
		{7EA7B513-D484-44A8-98B2-CAEF79A9FD63} = {E978CB1E-B0C8-4ABA-BAFD-BC43EB1D5F37}
		{516603CC-B5D5-4DE4-80FB-12667F607D58} = {7EA7B513-D484-44A8-98B2-CAEF79A9FD63}
		{5285CB45-A931-4AB8-9AF0-57308A7168DF} = {E978CB1E-B0C8-4ABA-BAFD-BC43EB1D5F37}
		{CD7F190E-4C4F-46C7-90CF-54EC900DD002} = {5285CB45-A931-4AB8-9AF0-57308A7168DF}
		{56BA7C42-E4AA-45FC-98D2-15CB1DB088B5} = {D9C64E8E-1345-47F1-96EC-16B03A2C57F1}
		{DDCD4D4C-4F7E-4732-8C97-AB3A6498389C} = {5285CB45-A931-4AB8-9AF0-57308A7168DF}
		{47C6CC3B-5F4F-4C00-81D0-C99CA4DDDB29} = {E978CB1E-B0C8-4ABA-BAFD-BC43EB1D5F37}
		{37D882F1-FC5D-40F6-A09C-53B28BA37D95} = {E978CB1E-B0C8-4ABA-BAFD-BC43EB1D5F37}
		{9524529E-D976-43D3-8C9F-8758C2EE9245} = {E978CB1E-B0C8-4ABA-BAFD-BC43EB1D5F37}
		{5282053C-1DDC-4DC2-9B42-BACA5D04F5E5} = {9524529E-D976-43D3-8C9F-8758C2EE9245}
		{05C4DFCD-C2C5-4C5F-8B68-01263297FB9D} = {37D882F1-FC5D-40F6-A09C-53B28BA37D95}
		{4D361BDC-2286-4148-96A7-BB355AF7932C} = {5285CB45-A931-4AB8-9AF0-57308A7168DF}
	EndGlobalSection
	GlobalSection(ExtensibilityGlobals) = postSolution
		SolutionGuid = {6D4B4C70-9A1F-4B76-B48D-A31D48F1CCD5}
	EndGlobalSection
EndGlobal
